PODS:
  - Flutter (1.0.0)
  - qq_opensdk_flutter (0.0.1):
    - Flutter

DEPENDENCIES:
  - Flutter (from `Flutter`)
  - qq_opensdk_flutter (from `.symlinks/plugins/qq_opensdk_flutter/ios`)

EXTERNAL SOURCES:
  Flutter:
    :path: Flutter
  qq_opensdk_flutter:
    :path: ".symlinks/plugins/qq_opensdk_flutter/ios"

SPEC CHECKSUMS:
  Flutter: f04841e97a9d0b0a8025694d0796dd46242b2854
  qq_opensdk_flutter: c2bbe347c1e04665b5478a1f30ac1e547c398e92

PODFILE CHECKSUM: 663715e941f9adb426e33bf9376914006f9ea95b

COCOAPODS: 1.11.3
